
Microsoft Visual Studio Solution File, Format Version 12.00
# Visual Studio Version 16
VisualStudioVersion = 16.0.30907.101
MinimumVisualStudioVersion = 10.0.40219.1
Project("{9A19103F-16F7-4668-BE54-9A1E7A4F7556}") = "DataAccess", "DataAccess\DataAccess.csproj", "{67C7A493-E9C2-498C-8B13-8B1B44E257F7}"
EndProject
Project("{9A19103F-16F7-4668-BE54-9A1E7A4F7556}") = "Business", "Business\Business.csproj", "{CA05744A-C735-4FD8-BFD0-182B1767F805}"
EndProject
Project("{9A19103F-16F7-4668-BE54-9A1E7A4F7556}") = "Entities", "Entities\Entities.csproj", "{7AC9AE47-33B2-4851-B2B9-A1F7EBE8D4F9}"
EndProject
Project("{9A19103F-16F7-4668-BE54-9A1E7A4F7556}") = "ConsoleUI", "ConsoleUI\ConsoleUI.csproj", "{8DE61238-BC32-488B-A947-BA07785530EF}"
EndProject
Project("{FAE04EC0-301F-11D3-BF4B-00C04F79EFBC}") = "Core", "Core\Core.csproj", "{5D38EEDC-ECFC-4854-9CB4-0E87E78863D7}"
EndProject
Global
	GlobalSection(SolutionConfigurationPlatforms) = preSolution
		Debug|Any CPU = Debug|Any CPU
		Release|Any CPU = Release|Any CPU
	EndGlobalSection
	GlobalSection(ProjectConfigurationPlatforms) = postSolution
		{67C7A493-E9C2-498C-8B13-8B1B44E257F7}.Debug|Any CPU.ActiveCfg = Debug|Any CPU
		{67C7A493-E9C2-498C-8B13-8B1B44E257F7}.Debug|Any CPU.Build.0 = Debug|Any CPU
		{67C7A493-E9C2-498C-8B13-8B1B44E257F7}.Release|Any CPU.ActiveCfg = Release|Any CPU
		{67C7A493-E9C2-498C-8B13-8B1B44E257F7}.Release|Any CPU.Build.0 = Release|Any CPU
		{CA05744A-C735-4FD8-BFD0-182B1767F805}.Debug|Any CPU.ActiveCfg = Debug|Any CPU
		{CA05744A-C735-4FD8-BFD0-182B1767F805}.Debug|Any CPU.Build.0 = Debug|Any CPU
		{CA05744A-C735-4FD8-BFD0-182B1767F805}.Release|Any CPU.ActiveCfg = Release|Any CPU
		{CA05744A-C735-4FD8-BFD0-182B1767F805}.Release|Any CPU.Build.0 = Release|Any CPU
		{7AC9AE47-33B2-4851-B2B9-A1F7EBE8D4F9}.Debug|Any CPU.ActiveCfg = Debug|Any CPU
		{7AC9AE47-33B2-4851-B2B9-A1F7EBE8D4F9}.Debug|Any CPU.Build.0 = Debug|Any CPU
		{7AC9AE47-33B2-4851-B2B9-A1F7EBE8D4F9}.Release|Any CPU.ActiveCfg = Release|Any CPU
		{7AC9AE47-33B2-4851-B2B9-A1F7EBE8D4F9}.Release|Any CPU.Build.0 = Release|Any CPU
		{8DE61238-BC32-488B-A947-BA07785530EF}.Debug|Any CPU.ActiveCfg = Debug|Any CPU
		{8DE61238-BC32-488B-A947-BA07785530EF}.Debug|Any CPU.Build.0 = Debug|Any CPU
		{8DE61238-BC32-488B-A947-BA07785530EF}.Release|Any CPU.ActiveCfg = Release|Any CPU
		{8DE61238-BC32-488B-A947-BA07785530EF}.Release|Any CPU.Build.0 = Release|Any CPU
		{5D38EEDC-ECFC-4854-9CB4-0E87E78863D7}.Debug|Any CPU.ActiveCfg = Debug|Any CPU
		{5D38EEDC-ECFC-4854-9CB4-0E87E78863D7}.Debug|Any CPU.Build.0 = Debug|Any CPU
		{5D38EEDC-ECFC-4854-9CB4-0E87E78863D7}.Release|Any CPU.ActiveCfg = Release|Any CPU
		{5D38EEDC-ECFC-4854-9CB4-0E87E78863D7}.Release|Any CPU.Build.0 = Release|Any CPU
	EndGlobalSection
	GlobalSection(SolutionProperties) = preSolution
		HideSolutionNode = FALSE
	EndGlobalSection
	GlobalSection(ExtensibilityGlobals) = postSolution
		SolutionGuid = {E0A840A5-4D7E-4FCC-9F54-31D7011F231B}
	EndGlobalSection
EndGlobal
